Microsoft Visual Studio Solution File, Format Version 12.00
# Visual Studio Version 17
VisualStudioVersion = 17.5.2.0
MinimumVisualStudioVersion = 10.0.40219.1
Project("{FAE04EC0-301F-11D3-BF4B-00C04F79EFBC}") = "BPMPlaylist", "BPMPlaylist.csproj", "{FBFD3A72-5E5A-7CBD-E3FB-87F66691362E}"
EndProject
Global
	GlobalSection(SolutionConfigurationPlatforms) = preSolution
		Debug|Any CPU = Debug|Any CPU
		Release|Any CPU = Release|Any CPU
	EndGlobalSection
	GlobalSection(ProjectConfigurationPlatforms) = postSolution
		{FBFD3A72-5E5A-7CBD-E3FB-87F66691362E}.Debug|Any CPU.ActiveCfg = Debug|Any CPU
		{FBFD3A72-5E5A-7CBD-E3FB-87F66691362E}.Debug|Any CPU.Build.0 = Debug|Any CPU
		{FBFD3A72-5E5A-7CBD-E3FB-87F66691362E}.Release|Any CPU.ActiveCfg = Release|Any CPU
		{FBFD3A72-5E5A-7CBD-E3FB-87F66691362E}.Release|Any CPU.Build.0 = Release|Any CPU
	EndGlobalSection
	GlobalSection(SolutionProperties) = preSolution
		HideSolutionNode = FALSE
	EndGlobalSection
	GlobalSection(ExtensibilityGlobals) = postSolution
		SolutionGuid = {A95586A7-2E4E-41FF-80FD-6C200DE9A620}
	EndGlobalSection
EndGlobal
